<?xml version="1.0" encoding="utf-8"?>
<Project ToolsVersion="4.0" xmlns="http://schemas.microsoft.com/developer/msbuild/2003">
  <ItemGroup>
    <Filter Include="Source Files">
      <UniqueIdentifier>{4FC737F1-C7A5-4376-A066-2A32D752A2FF}</UniqueIdentifier>
      <Extensions>cpp;c;cc;cxx;def;odl;idl;hpj;bat;asm;asmx</Extensions>
    </Filter>
    <Filter Include="Header Files">
      <UniqueIdentifier>{93995380-89BD-4b04-88EB-625FBE52EBFB}</UniqueIdentifier>
      <Extensions>h;hh;hpp;hxx;hm;inl;inc;xsd</Extensions>
    </Filter>
    <Filter Include="Resource Files">
      <UniqueIdentifier>{67DA6AB6-F800-4c08-8B7A-83BB121AAD01}</UniqueIdentifier>
      <Extensions>rc;ico;cur;bmp;dlg;rc2;rct;bin;rgs;gif;jpg;jpeg;jpe;resx;tiff;tif;png;wav;mfcribbon-ms</Extensions>
    </Filter>
    <Filter Include="Header Files\Levels">
      <UniqueIdentifier>{8042c818-6f62-480a-9cae-2d3fd1ee20dd}</UniqueIdentifier>
    </Filter>
    <Filter Include="Header Files\Entities">
      <UniqueIdentifier>{f752f5ce-1200-4b00-81d2-bf076a50d615}</UniqueIdentifier>
    </Filter>
    <Filter Include="Header Files\Weapons">
      <UniqueIdentifier>{9f250ac4-21e9-4897-9110-453ef239de15}</UniqueIdentifier>
    </Filter>
    <Filter Include="Source Files\Levels">
      <UniqueIdentifier>{de54c58e-4607-4a53-b525-22a25e1734f5}</UniqueIdentifier>
    </Filter>
    <Filter Include="Source Files\Entities">
      <UniqueIdentifier>{03428fb3-dd28-40c3-b11f-fa019b3e4176}</UniqueIdentifier>
    </Filter>
    <Filter Include="Source Files\Weapons">
      <UniqueIdentifier>{0a344c98-ce4d-46db-8990-6337fbede856}</UniqueIdentifier>
    </Filter>
    <Filter Include="Header Files\Constants">
      <UniqueIdentifier>{8546c246-a5a9-4509-8cc5-1d7ca66ed5be}</UniqueIdentifier>
    </Filter>
    <Filter Include="Header Files\Logging">
      <UniqueIdentifier>{9d5ba4e2-1a28-4988-b986-993edf33866e}</UniqueIdentifier>
    </Filter>
    <Filter Include="Source Files\Logging">
      <UniqueIdentifier>{94081330-1e29-434d-b019-4af6b645df50}</UniqueIdentifier>
    </Filter>
    <Filter Include="Header Files\Constants\EnemyDamage">
      <UniqueIdentifier>{81cbccd6-2354-4096-a8f3-b9af2a8b28aa}</UniqueIdentifier>
    </Filter>
    <Filter Include="Header Files\Constants\EnemyHealth">
      <UniqueIdentifier>{95f4562e-c988-4f7c-a429-bd0d22df6258}</UniqueIdentifier>
    </Filter>
    <Filter Include="Header Files\Constants\EnemyDamage\DeepBlues">
      <UniqueIdentifier>{ddf8bdf3-9316-4f24-bd84-5ff81a717f99}</UniqueIdentifier>
    </Filter>
    <Filter Include="Header Files\Constants\EnemyHealth\DeepBlues">
      <UniqueIdentifier>{53f19b10-6cf8-4ffb-86db-db09191a8e4c}</UniqueIdentifier>
    </Filter>
  </ItemGroup>
  <ItemGroup>
    <ClInclude Include="Point.h">
      <Filter>Header Files</Filter>
    </ClInclude>
    <ClInclude Include="Direction.h">
      <Filter>Header Files</Filter>
    </ClInclude>
    <ClInclude Include="ILevel.h">
      <Filter>Header Files\Levels</Filter>
    </ClInclude>
    <ClInclude Include="IEntity.h">
      <Filter>Header Files\Entities</Filter>
    </ClInclude>
    <ClInclude Include="IWeapon.h">
      <Filter>Header Files\Weapons</Filter>
    </ClInclude>
    <ClInclude Include="Cadence.h">
      <Filter>Header Files\Entities</Filter>
    </ClInclude>
    <ClInclude Include="Dagger.h">
      <Filter>Header Files\Weapons</Filter>
    </ClInclude>
    <ClInclude Include="Constants.h">
      <Filter>Header Files\Constants</Filter>
    </ClInclude>
    <ClInclude Include="WeaponDamage.h">
      <Filter>Header Files\Constants</Filter>
    </ClInclude>
    <ClInclude Include="DeepBluesLevel.h">
      <Filter>Header Files\Levels</Filter>
    </ClInclude>
    <ClInclude Include="FileLogger.h">
      <Filter>Header Files\Logging</Filter>
    </ClInclude>
    <ClInclude Include="ILogger.h">
      <Filter>Header Files\Logging</Filter>
    </ClInclude>
    <ClInclude Include="Pawn.h">
      <Filter>Header Files\Entities</Filter>
    </ClInclude>
    <ClInclude Include="PointMath.h">
      <Filter>Header Files</Filter>
    </ClInclude>
    <ClInclude Include="EntityEntry.h">
      <Filter>Header Files\Levels</Filter>
    </ClInclude>
    <ClInclude Include="DeepBluesHealth.h">
      <Filter>Header Files\Constants\EnemyHealth\DeepBlues</Filter>
    </ClInclude>
    <ClInclude Include="DeepBluesDamage.h">
      <Filter>Header Files\Constants\EnemyDamage\DeepBlues</Filter>
    </ClInclude>
    <ClInclude Include="LevelBasedEntity.h">
      <Filter>Header Files\Entities</Filter>
    </ClInclude>
    <ClInclude Include="Enemy.h">
      <Filter>Header Files\Entities</Filter>
    </ClInclude>
  </ItemGroup>
  <ItemGroup>
    <ClCompile Include="Cadence.cpp">
      <Filter>Source Files\Entities</Filter>
    </ClCompile>
    <ClCompile Include="DeepBluesLevel.cpp">
      <Filter>Source Files\Levels</Filter>
    </ClCompile>
    <ClCompile Include="FileLogger.cpp">
      <Filter>Source Files\Logging</Filter>
    </ClCompile>
    <ClCompile Include="Main.cpp">
      <Filter>Source Files</Filter>
    </ClCompile>
    <ClCompile Include="IEntity.cpp">
      <Filter>Source Files\Entities</Filter>
    </ClCompile>
    <ClCompile Include="Pawn.cpp">
      <Filter>Source Files\Entities</Filter>
    </ClCompile>
    <ClCompile Include="EntityEntry.cpp">
      <Filter>Source Files\Entities</Filter>
    </ClCompile>
    <ClCompile Include="LevelBasedEntity.cpp">
      <Filter>Source Files\Entities</Filter>
    </ClCompile>
    <ClCompile Include="Enemy.cpp">
      <Filter>Source Files\Entities</Filter>
    </ClCompile>
  </ItemGroup>
  <ItemGroup>
    <None Include="Dagger.cpp">
      <Filter>Source Files\Weapons</Filter>
    </None>
  </ItemGroup>
</Project>